// !$*UTF8*$!
{
	archiveVersion = 1;
	classes = {
	};
	objectVersion = 55;
	objects = {

/* Begin PBXBuildFile section */
		2F1342EB28658DA500A5CB9C /* macnivisionApp.swift in Sources */ = {isa = PBXBuildFile; fileRef = 2F1342EA28658DA500A5CB9C /* macnivisionApp.swift */; };
		2F1342ED28658DA500A5CB9C /* ContentView.swift in Sources */ = {isa = PBXBuildFile; fileRef = 2F1342EC28658DA500A5CB9C /* ContentView.swift */; };
		2F1342EF28658DA600A5CB9C /* Assets.xcassets in Resources */ = {isa = PBXBuildFile; fileRef = 2F1342EE28658DA600A5CB9C /* Assets.xcassets */; };
		2F1342F228658DA600A5CB9C /* Preview Assets.xcassets in Resources */ = {isa = PBXBuildFile; fileRef = 2F1342F128658DA600A5CB9C /* Preview Assets.xcassets */; };
		2F1342F428658DA600A5CB9C /* Persistence.swift in Sources */ = {isa = PBXBuildFile; fileRef = 2F1342F328658DA600A5CB9C /* Persistence.swift */; };
		2F1342F728658DA600A5CB9C /* macnivision.xcdatamodeld in Sources */ = {isa = PBXBuildFile; fileRef = 2F1342F528658DA600A5CB9C /* macnivision.xcdatamodeld */; };
		2F13430128658DA600A5CB9C /* macnivisionTests.swift in Sources */ = {isa = PBXBuildFile; fileRef = 2F13430028658DA600A5CB9C /* macnivisionTests.swift */; };
		2F13430B28658DA600A5CB9C /* macnivisionUITests.swift in Sources */ = {isa = PBXBuildFile; fileRef = 2F13430A28658DA600A5CB9C /* macnivisionUITests.swift */; };
		2F13430D28658DA600A5CB9C /* macnivisionUITestsLaunchTests.swift in Sources */ = {isa = PBXBuildFile; fileRef = 2F13430C28658DA600A5CB9C /* macnivisionUITestsLaunchTests.swift */; };
		2F80388B286AEDC4008BF4BF /* OnboardingFeatureView.swift in Sources */ = {isa = PBXBuildFile; fileRef = 2F803885286AEDC4008BF4BF /* OnboardingFeatureView.swift */; };
		2F80388C286AEDC4008BF4BF /* OnboardingNicknameView.swift in Sources */ = {isa = PBXBuildFile; fileRef = 2F803886286AEDC4008BF4BF /* OnboardingNicknameView.swift */; };
		2F80388D286AEDC4008BF4BF /* OnboardingPetView.swift in Sources */ = {isa = PBXBuildFile; fileRef = 2F803887286AEDC4008BF4BF /* OnboardingPetView.swift */; };
		2F80388E286AEDC4008BF4BF /* OnboardingView.swift in Sources */ = {isa = PBXBuildFile; fileRef = 2F803888286AEDC4008BF4BF /* OnboardingView.swift */; };
		2F803893286AEDE0008BF4BF /* User.swift in Sources */ = {isa = PBXBuildFile; fileRef = 2F80388F286AEDE0008BF4BF /* User.swift */; };
		2F803894286AEDE0008BF4BF /* Medical.swift in Sources */ = {isa = PBXBuildFile; fileRef = 2F803890286AEDE0008BF4BF /* Medical.swift */; };
		2F803895286AEDE0008BF4BF /* Journal.swift in Sources */ = {isa = PBXBuildFile; fileRef = 2F803891286AEDE0008BF4BF /* Journal.swift */; };
		2F803896286AEDE0008BF4BF /* Pet.swift in Sources */ = {isa = PBXBuildFile; fileRef = 2F803892286AEDE0008BF4BF /* Pet.swift */; };
		2F80389A286AF3B6008BF4BF /* Color.swift in Sources */ = {isa = PBXBuildFile; fileRef = 2F803898286AF3B6008BF4BF /* Color.swift */; };
		2F80389B286AF3B6008BF4BF /* GlobalVariables.swift in Sources */ = {isa = PBXBuildFile; fileRef = 2F803899286AF3B6008BF4BF /* GlobalVariables.swift */; };
		2F80389F286B058B008BF4BF /* Scheme.swift in Sources */ = {isa = PBXBuildFile; fileRef = 2F80389E286B058B008BF4BF /* Scheme.swift */; };
		2F991C722869700A00B4E914 /* DashboardView.swift in Sources */ = {isa = PBXBuildFile; fileRef = 2F991C712869700A00B4E914 /* DashboardView.swift */; };
		2F991C742869703F00B4E914 /* PetView.swift in Sources */ = {isa = PBXBuildFile; fileRef = 2F991C732869703F00B4E914 /* PetView.swift */; };
		2F991C792869706D00B4E914 /* MedicalInfoListView.swift in Sources */ = {isa = PBXBuildFile; fileRef = 2F991C782869706D00B4E914 /* MedicalInfoListView.swift */; };
		2F99B156286C00080047CD02 /* PsychiatristCard.swift in Sources */ = {isa = PBXBuildFile; fileRef = 2F99B155286C00080047CD02 /* PsychiatristCard.swift */; };
		2F99B15B286C04590047CD02 /* HealtCareCard.swift in Sources */ = {isa = PBXBuildFile; fileRef = 2F99B15A286C04590047CD02 /* HealtCareCard.swift */; };
		2F99B162286C2FEE0047CD02 /* DetailDiaryView.swift in Sources */ = {isa = PBXBuildFile; fileRef = 2F99B15C286C2FEE0047CD02 /* DetailDiaryView.swift */; };
		2F99B166286C2FEE0047CD02 /* AddJournalView.swift in Sources */ = {isa = PBXBuildFile; fileRef = 2F99B160286C2FEE0047CD02 /* AddJournalView.swift */; };
		2F99B167286C2FEE0047CD02 /* DailyJournalView.swift in Sources */ = {isa = PBXBuildFile; fileRef = 2F99B161286C2FEE0047CD02 /* DailyJournalView.swift */; };
		2F99B16A286C3ABD0047CD02 /* DayItemCard.swift in Sources */ = {isa = PBXBuildFile; fileRef = 2F99B168286C3ABD0047CD02 /* DayItemCard.swift */; };
		2F99B16B286C3ABD0047CD02 /* DailyJournalItemCard.swift in Sources */ = {isa = PBXBuildFile; fileRef = 2F99B169286C3ABD0047CD02 /* DailyJournalItemCard.swift */; };
		2F99B172286C44CC0047CD02 /* PetFoodBar.swift in Sources */ = {isa = PBXBuildFile; fileRef = 2F99B171286C44CC0047CD02 /* PetFoodBar.swift */; };
		2F99B174286C45160047CD02 /* HungryBar.swift in Sources */ = {isa = PBXBuildFile; fileRef = 2F99B173286C45160047CD02 /* HungryBar.swift */; };
		2F99B176286C47FC0047CD02 /* MedicalInfoDetailView.swift in Sources */ = {isa = PBXBuildFile; fileRef = 2F99B175286C47FC0047CD02 /* MedicalInfoDetailView.swift */; };
		2FC7C28928699F730014A95E /* TextField.swift in Sources */ = {isa = PBXBuildFile; fileRef = 2FC7C28828699F730014A95E /* TextField.swift */; };
		2FC7C28D28699FF50014A95E /* Card.swift in Sources */ = {isa = PBXBuildFile; fileRef = 2FC7C28C28699FF50014A95E /* Card.swift */; };
		2FC7C2912869A0750014A95E /* ElevatedButton.swift in Sources */ = {isa = PBXBuildFile; fileRef = 2FC7C2902869A0750014A95E /* ElevatedButton.swift */; };
		2FC7C2972869A0A90014A95E /* OutlinedButton.swift in Sources */ = {isa = PBXBuildFile; fileRef = 2FC7C2962869A0A90014A95E /* OutlinedButton.swift */; };
		2FC7C2992869A0D80014A95E /* CircleButton.swift in Sources */ = {isa = PBXBuildFile; fileRef = 2FC7C2982869A0D80014A95E /* CircleButton.swift */; };
		2FC7C2A82869A66A0014A95E /* Colors.swift in Sources */ = {isa = PBXBuildFile; fileRef = 2FC7C2A72869A66A0014A95E /* Colors.swift */; };
		2FC7C2AA2869A6DA0014A95E /* Strings.swift in Sources */ = {isa = PBXBuildFile; fileRef = 2FC7C2A92869A6DA0014A95E /* Strings.swift */; };
		2FC7C2AD2869A7420014A95E /* AsyncImage.swift in Sources */ = {isa = PBXBuildFile; fileRef = 2FC7C2AC2869A7420014A95E /* AsyncImage.swift */; };
		68F05B41287C22340016E1E8 /* JournalView.swift in Sources */ = {isa = PBXBuildFile; fileRef = 68F05B40287C22340016E1E8 /* JournalView.swift */; };
/* End PBXBuildFile section */

/* Begin PBXContainerItemProxy section */
		2F1342FD28658DA600A5CB9C /* PBXContainerItemProxy */ = {
			isa = PBXContainerItemProxy;
			containerPortal = 2F1342DF28658DA500A5CB9C /* Project object */;
			proxyType = 1;
			remoteGlobalIDString = 2F1342E628658DA500A5CB9C;
			remoteInfo = macnivision;
		};
		2F13430728658DA600A5CB9C /* PBXContainerItemProxy */ = {
			isa = PBXContainerItemProxy;
			containerPortal = 2F1342DF28658DA500A5CB9C /* Project object */;
			proxyType = 1;
			remoteGlobalIDString = 2F1342E628658DA500A5CB9C;
			remoteInfo = macnivision;
		};
/* End PBXContainerItemProxy section */

/* Begin PBXFileReference section */
		2F1342E728658DA500A5CB9C /* macnivision.app */ = {isa = PBXFileReference; explicitFileType = wrapper.application; includeInIndex = 0; path = macnivision.app; sourceTree = BUILT_PRODUCTS_DIR; };
		2F1342EA28658DA500A5CB9C /* macnivisionApp.swift */ = {isa = PBXFileReference; lastKnownFileType = sourcecode.swift; path = macnivisionApp.swift; sourceTree = "<group>"; };
		2F1342EC28658DA500A5CB9C /* ContentView.swift */ = {isa = PBXFileReference; lastKnownFileType = sourcecode.swift; path = ContentView.swift; sourceTree = "<group>"; };
		2F1342EE28658DA600A5CB9C /* Assets.xcassets */ = {isa = PBXFileReference; lastKnownFileType = folder.assetcatalog; path = Assets.xcassets; sourceTree = "<group>"; };
		2F1342F128658DA600A5CB9C /* Preview Assets.xcassets */ = {isa = PBXFileReference; lastKnownFileType = folder.assetcatalog; path = "Preview Assets.xcassets"; sourceTree = "<group>"; };
		2F1342F328658DA600A5CB9C /* Persistence.swift */ = {isa = PBXFileReference; lastKnownFileType = sourcecode.swift; path = Persistence.swift; sourceTree = "<group>"; };
		2F1342F628658DA600A5CB9C /* macnivision.xcdatamodel */ = {isa = PBXFileReference; lastKnownFileType = wrapper.xcdatamodel; path = macnivision.xcdatamodel; sourceTree = "<group>"; };
		2F1342FC28658DA600A5CB9C /* macnivisionTests.xctest */ = {isa = PBXFileReference; explicitFileType = wrapper.cfbundle; includeInIndex = 0; path = macnivisionTests.xctest; sourceTree = BUILT_PRODUCTS_DIR; };
		2F13430028658DA600A5CB9C /* macnivisionTests.swift */ = {isa = PBXFileReference; lastKnownFileType = sourcecode.swift; path = macnivisionTests.swift; sourceTree = "<group>"; };
		2F13430628658DA600A5CB9C /* macnivisionUITests.xctest */ = {isa = PBXFileReference; explicitFileType = wrapper.cfbundle; includeInIndex = 0; path = macnivisionUITests.xctest; sourceTree = BUILT_PRODUCTS_DIR; };
		2F13430A28658DA600A5CB9C /* macnivisionUITests.swift */ = {isa = PBXFileReference; lastKnownFileType = sourcecode.swift; path = macnivisionUITests.swift; sourceTree = "<group>"; };
		2F13430C28658DA600A5CB9C /* macnivisionUITestsLaunchTests.swift */ = {isa = PBXFileReference; lastKnownFileType = sourcecode.swift; path = macnivisionUITestsLaunchTests.swift; sourceTree = "<group>"; };
		2F803885286AEDC4008BF4BF /* OnboardingFeatureView.swift */ = {isa = PBXFileReference; fileEncoding = 4; lastKnownFileType = sourcecode.swift; path = OnboardingFeatureView.swift; sourceTree = "<group>"; };
		2F803886286AEDC4008BF4BF /* OnboardingNicknameView.swift */ = {isa = PBXFileReference; fileEncoding = 4; lastKnownFileType = sourcecode.swift; path = OnboardingNicknameView.swift; sourceTree = "<group>"; };
		2F803887286AEDC4008BF4BF /* OnboardingPetView.swift */ = {isa = PBXFileReference; fileEncoding = 4; lastKnownFileType = sourcecode.swift; path = OnboardingPetView.swift; sourceTree = "<group>"; };
		2F803888286AEDC4008BF4BF /* OnboardingView.swift */ = {isa = PBXFileReference; fileEncoding = 4; lastKnownFileType = sourcecode.swift; path = OnboardingView.swift; sourceTree = "<group>"; };
		2F80388F286AEDE0008BF4BF /* User.swift */ = {isa = PBXFileReference; fileEncoding = 4; lastKnownFileType = sourcecode.swift; path = User.swift; sourceTree = "<group>"; };
		2F803890286AEDE0008BF4BF /* Medical.swift */ = {isa = PBXFileReference; fileEncoding = 4; lastKnownFileType = sourcecode.swift; path = Medical.swift; sourceTree = "<group>"; };
		2F803891286AEDE0008BF4BF /* Journal.swift */ = {isa = PBXFileReference; fileEncoding = 4; lastKnownFileType = sourcecode.swift; path = Journal.swift; sourceTree = "<group>"; };
		2F803892286AEDE0008BF4BF /* Pet.swift */ = {isa = PBXFileReference; fileEncoding = 4; lastKnownFileType = sourcecode.swift; path = Pet.swift; sourceTree = "<group>"; };
		2F803898286AF3B6008BF4BF /* Color.swift */ = {isa = PBXFileReference; fileEncoding = 4; lastKnownFileType = sourcecode.swift; path = Color.swift; sourceTree = "<group>"; };
		2F803899286AF3B6008BF4BF /* GlobalVariables.swift */ = {isa = PBXFileReference; fileEncoding = 4; lastKnownFileType = sourcecode.swift; path = GlobalVariables.swift; sourceTree = "<group>"; };
		2F80389E286B058B008BF4BF /* Scheme.swift */ = {isa = PBXFileReference; lastKnownFileType = sourcecode.swift; name = Scheme.swift; path = macnivision/View/Atoms/Scheme.swift; sourceTree = SOURCE_ROOT; };
		2F991C712869700A00B4E914 /* DashboardView.swift */ = {isa = PBXFileReference; lastKnownFileType = sourcecode.swift; path = DashboardView.swift; sourceTree = "<group>"; };
		2F991C732869703F00B4E914 /* PetView.swift */ = {isa = PBXFileReference; lastKnownFileType = sourcecode.swift; path = PetView.swift; sourceTree = "<group>"; };
		2F991C782869706D00B4E914 /* MedicalInfoListView.swift */ = {isa = PBXFileReference; lastKnownFileType = sourcecode.swift; path = MedicalInfoListView.swift; sourceTree = "<group>"; };
		2F99B155286C00080047CD02 /* PsychiatristCard.swift */ = {isa = PBXFileReference; lastKnownFileType = sourcecode.swift; path = PsychiatristCard.swift; sourceTree = "<group>"; };
		2F99B15A286C04590047CD02 /* HealtCareCard.swift */ = {isa = PBXFileReference; lastKnownFileType = sourcecode.swift; path = HealtCareCard.swift; sourceTree = "<group>"; };
		2F99B15C286C2FEE0047CD02 /* DetailDiaryView.swift */ = {isa = PBXFileReference; fileEncoding = 4; lastKnownFileType = sourcecode.swift; path = DetailDiaryView.swift; sourceTree = "<group>"; };
		2F99B160286C2FEE0047CD02 /* AddJournalView.swift */ = {isa = PBXFileReference; fileEncoding = 4; lastKnownFileType = sourcecode.swift; path = AddJournalView.swift; sourceTree = "<group>"; };
		2F99B161286C2FEE0047CD02 /* DailyJournalView.swift */ = {isa = PBXFileReference; fileEncoding = 4; lastKnownFileType = sourcecode.swift; path = DailyJournalView.swift; sourceTree = "<group>"; };
		2F99B168286C3ABD0047CD02 /* DayItemCard.swift */ = {isa = PBXFileReference; fileEncoding = 4; lastKnownFileType = sourcecode.swift; path = DayItemCard.swift; sourceTree = "<group>"; };
		2F99B169286C3ABD0047CD02 /* DailyJournalItemCard.swift */ = {isa = PBXFileReference; fileEncoding = 4; lastKnownFileType = sourcecode.swift; path = DailyJournalItemCard.swift; sourceTree = "<group>"; };
		2F99B171286C44CC0047CD02 /* PetFoodBar.swift */ = {isa = PBXFileReference; fileEncoding = 4; lastKnownFileType = sourcecode.swift; path = PetFoodBar.swift; sourceTree = "<group>"; };
		2F99B173286C45160047CD02 /* HungryBar.swift */ = {isa = PBXFileReference; fileEncoding = 4; lastKnownFileType = sourcecode.swift; path = HungryBar.swift; sourceTree = "<group>"; };
		2F99B175286C47FC0047CD02 /* MedicalInfoDetailView.swift */ = {isa = PBXFileReference; lastKnownFileType = sourcecode.swift; path = MedicalInfoDetailView.swift; sourceTree = "<group>"; };
		2FC7C28828699F730014A95E /* TextField.swift */ = {isa = PBXFileReference; lastKnownFileType = sourcecode.swift; path = TextField.swift; sourceTree = "<group>"; };
		2FC7C28C28699FF50014A95E /* Card.swift */ = {isa = PBXFileReference; lastKnownFileType = sourcecode.swift; path = Card.swift; sourceTree = "<group>"; };
		2FC7C2902869A0750014A95E /* ElevatedButton.swift */ = {isa = PBXFileReference; lastKnownFileType = sourcecode.swift; path = ElevatedButton.swift; sourceTree = "<group>"; };
		2FC7C2962869A0A90014A95E /* OutlinedButton.swift */ = {isa = PBXFileReference; lastKnownFileType = sourcecode.swift; path = OutlinedButton.swift; sourceTree = "<group>"; };
		2FC7C2982869A0D80014A95E /* CircleButton.swift */ = {isa = PBXFileReference; lastKnownFileType = sourcecode.swift; path = CircleButton.swift; sourceTree = "<group>"; };
		2FC7C2A72869A66A0014A95E /* Colors.swift */ = {isa = PBXFileReference; lastKnownFileType = sourcecode.swift; name = Colors.swift; path = macnivision/Colors.swift; sourceTree = SOURCE_ROOT; };
		2FC7C2A92869A6DA0014A95E /* Strings.swift */ = {isa = PBXFileReference; lastKnownFileType = sourcecode.swift; name = Strings.swift; path = macnivision/Strings.swift; sourceTree = SOURCE_ROOT; };
		2FC7C2AC2869A7420014A95E /* AsyncImage.swift */ = {isa = PBXFileReference; lastKnownFileType = sourcecode.swift; path = AsyncImage.swift; sourceTree = "<group>"; };
		68F05B40287C22340016E1E8 /* JournalView.swift */ = {isa = PBXFileReference; lastKnownFileType = sourcecode.swift; path = JournalView.swift; sourceTree = "<group>"; };
/* End PBXFileReference section */

/* Begin PBXFrameworksBuildPhase section */
		2F1342E428658DA500A5CB9C /* Frameworks */ = {
			isa = PBXFrameworksBuildPhase;
			buildActionMask = 2147483647;
			files = (
			);
			runOnlyForDeploymentPostprocessing = 0;
		};
		2F1342F928658DA600A5CB9C /* Frameworks */ = {
			isa = PBXFrameworksBuildPhase;
			buildActionMask = 2147483647;
			files = (
			);
			runOnlyForDeploymentPostprocessing = 0;
		};
		2F13430328658DA600A5CB9C /* Frameworks */ = {
			isa = PBXFrameworksBuildPhase;
			buildActionMask = 2147483647;
			files = (
			);
			runOnlyForDeploymentPostprocessing = 0;
		};
/* End PBXFrameworksBuildPhase section */

/* Begin PBXGroup section */
		2F1342DE28658DA500A5CB9C = {
			isa = PBXGroup;
			children = (
				2F1342E928658DA500A5CB9C /* macnivision */,
				2F1342FF28658DA600A5CB9C /* macnivisionTests */,
				2F13430928658DA600A5CB9C /* macnivisionUITests */,
				2F1342E828658DA500A5CB9C /* Products */,
			);
			sourceTree = "<group>";
		};
		2F1342E828658DA500A5CB9C /* Products */ = {
			isa = PBXGroup;
			children = (
				2F1342E728658DA500A5CB9C /* macnivision.app */,
				2F1342FC28658DA600A5CB9C /* macnivisionTests.xctest */,
				2F13430628658DA600A5CB9C /* macnivisionUITests.xctest */,
			);
			name = Products;
			sourceTree = "<group>";
		};
		2F1342E928658DA500A5CB9C /* macnivision */ = {
			isa = PBXGroup;
			children = (
				2F803897286AF3A3008BF4BF /* Helpers */,
				2F803882286AEDB2008BF4BF /* Model */,
				2F991C4B2869680C00B4E914 /* Constant */,
				2F991C4A286967EF00B4E914 /* ViewModel */,
				2F991C48286967CF00B4E914 /* Service */,
				2F991C432869679800B4E914 /* View */,
				2F1342EA28658DA500A5CB9C /* macnivisionApp.swift */,
				2F1342EC28658DA500A5CB9C /* ContentView.swift */,
				2F1342EE28658DA600A5CB9C /* Assets.xcassets */,
				2F1342F328658DA600A5CB9C /* Persistence.swift */,
				2F1342F528658DA600A5CB9C /* macnivision.xcdatamodeld */,
				2F1342F028658DA600A5CB9C /* Preview Content */,
			);
			path = macnivision;
			sourceTree = "<group>";
		};
		2F1342F028658DA600A5CB9C /* Preview Content */ = {
			isa = PBXGroup;
			children = (
				2F1342F128658DA600A5CB9C /* Preview Assets.xcassets */,
			);
			path = "Preview Content";
			sourceTree = "<group>";
		};
		2F1342FF28658DA600A5CB9C /* macnivisionTests */ = {
			isa = PBXGroup;
			children = (
				2F13430028658DA600A5CB9C /* macnivisionTests.swift */,
			);
			path = macnivisionTests;
			sourceTree = "<group>";
		};
		2F13430928658DA600A5CB9C /* macnivisionUITests */ = {
			isa = PBXGroup;
			children = (
				2F13430A28658DA600A5CB9C /* macnivisionUITests.swift */,
				2F13430C28658DA600A5CB9C /* macnivisionUITestsLaunchTests.swift */,
			);
			path = macnivisionUITests;
			sourceTree = "<group>";
		};
		2F803882286AEDB2008BF4BF /* Model */ = {
			isa = PBXGroup;
			children = (
				2F803891286AEDE0008BF4BF /* Journal.swift */,
				2F803890286AEDE0008BF4BF /* Medical.swift */,
				2F803892286AEDE0008BF4BF /* Pet.swift */,
				2F80388F286AEDE0008BF4BF /* User.swift */,
			);
			path = Model;
			sourceTree = "<group>";
		};
		2F803897286AF3A3008BF4BF /* Helpers */ = {
			isa = PBXGroup;
			children = (
				2F803898286AF3B6008BF4BF /* Color.swift */,
				2F803899286AF3B6008BF4BF /* GlobalVariables.swift */,
			);
			path = Helpers;
			sourceTree = "<group>";
		};
		2F80389C286AF47D008BF4BF /* OnBoarding */ = {
			isa = PBXGroup;
			children = (
				2F8038A0286B064F008BF4BF /* Fragment */,
				2F803888286AEDC4008BF4BF /* OnboardingView.swift */,
			);
			path = OnBoarding;
			sourceTree = "<group>";
		};
		2F80389D286AF491008BF4BF /* Dashboard */ = {
			isa = PBXGroup;
			children = (
				2F8038A3286B067E008BF4BF /* Pet */,
				2F8038A2286B0672008BF4BF /* MedicalInfo */,
				2F8038A1286B0666008BF4BF /* Journal */,
				2F991C712869700A00B4E914 /* DashboardView.swift */,
			);
			path = Dashboard;
			sourceTree = "<group>";
		};
		2F8038A0286B064F008BF4BF /* Fragment */ = {
			isa = PBXGroup;
			children = (
				2F803885286AEDC4008BF4BF /* OnboardingFeatureView.swift */,
				2F803886286AEDC4008BF4BF /* OnboardingNicknameView.swift */,
				2F803887286AEDC4008BF4BF /* OnboardingPetView.swift */,
			);
			path = Fragment;
			sourceTree = "<group>";
		};
		2F8038A1286B0666008BF4BF /* Journal */ = {
			isa = PBXGroup;
			children = (
				2F99B160286C2FEE0047CD02 /* AddJournalView.swift */,
				2F99B161286C2FEE0047CD02 /* DailyJournalView.swift */,
				2F99B15C286C2FEE0047CD02 /* DetailDiaryView.swift */,
				68F05B40287C22340016E1E8 /* JournalView.swift */,
			);
			path = Journal;
			sourceTree = "<group>";
		};
		2F8038A2286B0672008BF4BF /* MedicalInfo */ = {
			isa = PBXGroup;
			children = (
				2F991C782869706D00B4E914 /* MedicalInfoListView.swift */,
				2F99B175286C47FC0047CD02 /* MedicalInfoDetailView.swift */,
			);
			path = MedicalInfo;
			sourceTree = "<group>";
		};
		2F8038A3286B067E008BF4BF /* Pet */ = {
			isa = PBXGroup;
			children = (
				2F991C732869703F00B4E914 /* PetView.swift */,
			);
			path = Pet;
			sourceTree = "<group>";
		};
		2F991C432869679800B4E914 /* View */ = {
			isa = PBXGroup;
			children = (
				2FC7C26328699C930014A95E /* Atoms */,
				2FC7C25F28699C600014A95E /* Moleculs */,
				2FC7C25E28699B390014A95E /* Pages */,
			);
			path = View;
			sourceTree = "<group>";
		};
		2F991C48286967CF00B4E914 /* Service */ = {
			isa = PBXGroup;
			children = (
				2F991C49286967D500B4E914 /* Cloudkit */,
			);
			path = Service;
			sourceTree = "<group>";
		};
		2F991C49286967D500B4E914 /* Cloudkit */ = {
			isa = PBXGroup;
			children = (
			);
			path = Cloudkit;
			sourceTree = "<group>";
		};
		2F991C4A286967EF00B4E914 /* ViewModel */ = {
			isa = PBXGroup;
			children = (
			);
			path = ViewModel;
			sourceTree = "<group>";
		};
		2F991C4B2869680C00B4E914 /* Constant */ = {
			isa = PBXGroup;
			children = (
				2FC7C2A72869A66A0014A95E /* Colors.swift */,
				2FC7C2A92869A6DA0014A95E /* Strings.swift */,
				2F80389E286B058B008BF4BF /* Scheme.swift */,
			);
			path = Constant;
			sourceTree = "<group>";
		};
		2F991C7F28697E4200B4E914 /* Card */ = {
			isa = PBXGroup;
			children = (
				2F99B16D286C3B900047CD02 /* DayItemCard */,
				2F99B16C286C3AC20047CD02 /* DailyJournalItemCard */,
				2FC7C29F2869A1440014A95E /* HospitalCard */,
				2FC7C29E2869A1330014A95E /* PhysciatristCard */,
			);
			name = Card;
			path = ..;
			sourceTree = "<group>";
		};
		2F99B16C286C3AC20047CD02 /* DailyJournalItemCard */ = {
			isa = PBXGroup;
			children = (
				2F99B169286C3ABD0047CD02 /* DailyJournalItemCard.swift */,
			);
			path = DailyJournalItemCard;
			sourceTree = "<group>";
		};
		2F99B16D286C3B900047CD02 /* DayItemCard */ = {
			isa = PBXGroup;
			children = (
				2F99B168286C3ABD0047CD02 /* DayItemCard.swift */,
			);
			path = DayItemCard;
			sourceTree = "<group>";
		};
		2F99B16E286C44850047CD02 /* Bar */ = {
			isa = PBXGroup;
			children = (
				2F99B170286C44950047CD02 /* PetFoodBar */,
				2F99B16F286C448C0047CD02 /* HungryBar */,
			);
			path = Bar;
			sourceTree = "<group>";
		};
		2F99B16F286C448C0047CD02 /* HungryBar */ = {
			isa = PBXGroup;
			children = (
				2F99B173286C45160047CD02 /* HungryBar.swift */,
			);
			path = HungryBar;
			sourceTree = "<group>";
		};
		2F99B170286C44950047CD02 /* PetFoodBar */ = {
			isa = PBXGroup;
			children = (
				2F99B171286C44CC0047CD02 /* PetFoodBar.swift */,
			);
			path = PetFoodBar;
			sourceTree = "<group>";
		};
		2FC7C25E28699B390014A95E /* Pages */ = {
			isa = PBXGroup;
			children = (
				2F80389D286AF491008BF4BF /* Dashboard */,
				2F80389C286AF47D008BF4BF /* OnBoarding */,
			);
			path = Pages;
			sourceTree = "<group>";
		};
		2FC7C25F28699C600014A95E /* Moleculs */ = {
			isa = PBXGroup;
			children = (
				2F99B16E286C44850047CD02 /* Bar */,
				2F991C7F28697E4200B4E914 /* Card */,
			);
			path = Moleculs;
			sourceTree = "<group>";
		};
		2FC7C26328699C930014A95E /* Atoms */ = {
			isa = PBXGroup;
			children = (
				2FC7C2AB2869A7320014A95E /* Image */,
				2FC7C28528699E770014A95E /* TextField */,
				2FC7C27F28699E370014A95E /* Card */,
				2FC7C27428699E230014A95E /* Button */,
			);
			path = Atoms;
			sourceTree = "<group>";
		};
		2FC7C27428699E230014A95E /* Button */ = {
			isa = PBXGroup;
			children = (
				2FC7C2902869A0750014A95E /* ElevatedButton.swift */,
				2FC7C2962869A0A90014A95E /* OutlinedButton.swift */,
				2FC7C2982869A0D80014A95E /* CircleButton.swift */,
			);
			path = Button;
			sourceTree = "<group>";
		};
		2FC7C27F28699E370014A95E /* Card */ = {
			isa = PBXGroup;
			children = (
				2FC7C28C28699FF50014A95E /* Card.swift */,
			);
			path = Card;
			sourceTree = "<group>";
		};
		2FC7C28528699E770014A95E /* TextField */ = {
			isa = PBXGroup;
			children = (
				2FC7C28828699F730014A95E /* TextField.swift */,
			);
			path = TextField;
			sourceTree = "<group>";
		};
		2FC7C29E2869A1330014A95E /* PhysciatristCard */ = {
			isa = PBXGroup;
			children = (
				2F99B155286C00080047CD02 /* PsychiatristCard.swift */,
			);
			path = PhysciatristCard;
			sourceTree = "<group>";
		};
		2FC7C29F2869A1440014A95E /* HospitalCard */ = {
			isa = PBXGroup;
			children = (
				2F99B15A286C04590047CD02 /* HealtCareCard.swift */,
			);
			path = HospitalCard;
			sourceTree = "<group>";
		};
		2FC7C2AB2869A7320014A95E /* Image */ = {
			isa = PBXGroup;
			children = (
				2FC7C2AC2869A7420014A95E /* AsyncImage.swift */,
			);
			path = Image;
			sourceTree = "<group>";
		};
/* End PBXGroup section */

/* Begin PBXNativeTarget section */
		2F1342E628658DA500A5CB9C /* macnivision */ = {
			isa = PBXNativeTarget;
			buildConfigurationList = 2F13431028658DA600A5CB9C /* Build configuration list for PBXNativeTarget "macnivision" */;
			buildPhases = (
				2F1342E328658DA500A5CB9C /* Sources */,
				2F1342E428658DA500A5CB9C /* Frameworks */,
				2F1342E528658DA500A5CB9C /* Resources */,
			);
			buildRules = (
			);
			dependencies = (
			);
			name = macnivision;
			productName = macnivision;
			productReference = 2F1342E728658DA500A5CB9C /* macnivision.app */;
			productType = "com.apple.product-type.application";
		};
		2F1342FB28658DA600A5CB9C /* macnivisionTests */ = {
			isa = PBXNativeTarget;
			buildConfigurationList = 2F13431328658DA600A5CB9C /* Build configuration list for PBXNativeTarget "macnivisionTests" */;
			buildPhases = (
				2F1342F828658DA600A5CB9C /* Sources */,
				2F1342F928658DA600A5CB9C /* Frameworks */,
				2F1342FA28658DA600A5CB9C /* Resources */,
			);
			buildRules = (
			);
			dependencies = (
				2F1342FE28658DA600A5CB9C /* PBXTargetDependency */,
			);
			name = macnivisionTests;
			productName = macnivisionTests;
			productReference = 2F1342FC28658DA600A5CB9C /* macnivisionTests.xctest */;
			productType = "com.apple.product-type.bundle.unit-test";
		};
		2F13430528658DA600A5CB9C /* macnivisionUITests */ = {
			isa = PBXNativeTarget;
			buildConfigurationList = 2F13431628658DA600A5CB9C /* Build configuration list for PBXNativeTarget "macnivisionUITests" */;
			buildPhases = (
				2F13430228658DA600A5CB9C /* Sources */,
				2F13430328658DA600A5CB9C /* Frameworks */,
				2F13430428658DA600A5CB9C /* Resources */,
			);
			buildRules = (
			);
			dependencies = (
				2F13430828658DA600A5CB9C /* PBXTargetDependency */,
			);
			name = macnivisionUITests;
			productName = macnivisionUITests;
			productReference = 2F13430628658DA600A5CB9C /* macnivisionUITests.xctest */;
			productType = "com.apple.product-type.bundle.ui-testing";
		};
/* End PBXNativeTarget section */

/* Begin PBXProject section */
		2F1342DF28658DA500A5CB9C /* Project object */ = {
			isa = PBXProject;
			attributes = {
				BuildIndependentTargetsInParallel = 1;
				LastSwiftUpdateCheck = 1320;
				LastUpgradeCheck = 1320;
				TargetAttributes = {
					2F1342E628658DA500A5CB9C = {
						CreatedOnToolsVersion = 13.2.1;
					};
					2F1342FB28658DA600A5CB9C = {
						CreatedOnToolsVersion = 13.2.1;
						TestTargetID = 2F1342E628658DA500A5CB9C;
					};
					2F13430528658DA600A5CB9C = {
						CreatedOnToolsVersion = 13.2.1;
						TestTargetID = 2F1342E628658DA500A5CB9C;
					};
				};
			};
			buildConfigurationList = 2F1342E228658DA500A5CB9C /* Build configuration list for PBXProject "macnivision" */;
			compatibilityVersion = "Xcode 13.0";
			developmentRegion = en;
			hasScannedForEncodings = 0;
			knownRegions = (
				en,
				Base,
			);
			mainGroup = 2F1342DE28658DA500A5CB9C;
			productRefGroup = 2F1342E828658DA500A5CB9C /* Products */;
			projectDirPath = "";
			projectRoot = "";
			targets = (
				2F1342E628658DA500A5CB9C /* macnivision */,
				2F1342FB28658DA600A5CB9C /* macnivisionTests */,
				2F13430528658DA600A5CB9C /* macnivisionUITests */,
			);
		};
/* End PBXProject section */

/* Begin PBXResourcesBuildPhase section */
		2F1342E528658DA500A5CB9C /* Resources */ = {
			isa = PBXResourcesBuildPhase;
			buildActionMask = 2147483647;
			files = (
				2F1342F228658DA600A5CB9C /* Preview Assets.xcassets in Resources */,
				2F1342EF28658DA600A5CB9C /* Assets.xcassets in Resources */,
			);
			runOnlyForDeploymentPostprocessing = 0;
		};
		2F1342FA28658DA600A5CB9C /* Resources */ = {
			isa = PBXResourcesBuildPhase;
			buildActionMask = 2147483647;
			files = (
			);
			runOnlyForDeploymentPostprocessing = 0;
		};
		2F13430428658DA600A5CB9C /* Resources */ = {
			isa = PBXResourcesBuildPhase;
			buildActionMask = 2147483647;
			files = (
			);
			runOnlyForDeploymentPostprocessing = 0;
		};
/* End PBXResourcesBuildPhase section */

/* Begin PBXSourcesBuildPhase section */
		2F1342E328658DA500A5CB9C /* Sources */ = {
			isa = PBXSourcesBuildPhase;
			buildActionMask = 2147483647;
			files = (
				2FC7C2A82869A66A0014A95E /* Colors.swift in Sources */,
				2FC7C2912869A0750014A95E /* ElevatedButton.swift in Sources */,
				2FC7C2AD2869A7420014A95E /* AsyncImage.swift in Sources */,
				2F99B15B286C04590047CD02 /* HealtCareCard.swift in Sources */,
				2F99B167286C2FEE0047CD02 /* DailyJournalView.swift in Sources */,
				2F80389F286B058B008BF4BF /* Scheme.swift in Sources */,
				2F99B162286C2FEE0047CD02 /* DetailDiaryView.swift in Sources */,
				68F05B41287C22340016E1E8 /* JournalView.swift in Sources */,
				2F1342F728658DA600A5CB9C /* macnivision.xcdatamodeld in Sources */,
				2F80389B286AF3B6008BF4BF /* GlobalVariables.swift in Sources */,
				2FC7C28928699F730014A95E /* TextField.swift in Sources */,
				2F80388B286AEDC4008BF4BF /* OnboardingFeatureView.swift in Sources */,
				2F80389A286AF3B6008BF4BF /* Color.swift in Sources */,
				2F803895286AEDE0008BF4BF /* Journal.swift in Sources */,
				2F991C742869703F00B4E914 /* PetView.swift in Sources */,
				2F99B172286C44CC0047CD02 /* PetFoodBar.swift in Sources */,
				2FC7C2972869A0A90014A95E /* OutlinedButton.swift in Sources */,
				2F803896286AEDE0008BF4BF /* Pet.swift in Sources */,
				2F99B156286C00080047CD02 /* PsychiatristCard.swift in Sources */,
				2F991C792869706D00B4E914 /* MedicalInfoListView.swift in Sources */,
				2F991C722869700A00B4E914 /* DashboardView.swift in Sources */,
				2F1342F428658DA600A5CB9C /* Persistence.swift in Sources */,
				2F99B176286C47FC0047CD02 /* MedicalInfoDetailView.swift in Sources */,
				2FC7C2AA2869A6DA0014A95E /* Strings.swift in Sources */,
				2FC7C2992869A0D80014A95E /* CircleButton.swift in Sources */,
				2F99B174286C45160047CD02 /* HungryBar.swift in Sources */,
				2FC7C28D28699FF50014A95E /* Card.swift in Sources */,
				2F80388D286AEDC4008BF4BF /* OnboardingPetView.swift in Sources */,
				2F80388C286AEDC4008BF4BF /* OnboardingNicknameView.swift in Sources */,
				2F99B16B286C3ABD0047CD02 /* DailyJournalItemCard.swift in Sources */,
				2F99B166286C2FEE0047CD02 /* AddJournalView.swift in Sources */,
				2F803893286AEDE0008BF4BF /* User.swift in Sources */,
				2F1342ED28658DA500A5CB9C /* ContentView.swift in Sources */,
				2F80388E286AEDC4008BF4BF /* OnboardingView.swift in Sources */,
				2F1342EB28658DA500A5CB9C /* macnivisionApp.swift in Sources */,
				2F803894286AEDE0008BF4BF /* Medical.swift in Sources */,
				2F99B16A286C3ABD0047CD02 /* DayItemCard.swift in Sources */,
			);
			runOnlyForDeploymentPostprocessing = 0;
		};
		2F1342F828658DA600A5CB9C /* Sources */ = {
			isa = PBXSourcesBuildPhase;
			buildActionMask = 2147483647;
			files = (
				2F13430128658DA600A5CB9C /* macnivisionTests.swift in Sources */,
			);
			runOnlyForDeploymentPostprocessing = 0;
		};
		2F13430228658DA600A5CB9C /* Sources */ = {
			isa = PBXSourcesBuildPhase;
			buildActionMask = 2147483647;
			files = (
				2F13430B28658DA600A5CB9C /* macnivisionUITests.swift in Sources */,
				2F13430D28658DA600A5CB9C /* macnivisionUITestsLaunchTests.swift in Sources */,
			);
			runOnlyForDeploymentPostprocessing = 0;
		};
/* End PBXSourcesBuildPhase section */

/* Begin PBXTargetDependency section */
		2F1342FE28658DA600A5CB9C /* PBXTargetDependency */ = {
			isa = PBXTargetDependency;
			target = 2F1342E628658DA500A5CB9C /* macnivision */;
			targetProxy = 2F1342FD28658DA600A5CB9C /* PBXContainerItemProxy */;
		};
		2F13430828658DA600A5CB9C /* PBXTargetDependency */ = {
			isa = PBXTargetDependency;
			target = 2F1342E628658DA500A5CB9C /* macnivision */;
			targetProxy = 2F13430728658DA600A5CB9C /* PBXContainerItemProxy */;
		};
/* End PBXTargetDependency section */

/* Begin XCBuildConfiguration section */
		2F13430E28658DA600A5CB9C /* Debug */ = {
			isa = XCBuildConfiguration;
			buildSettings = {
				ALWAYS_SEARCH_USER_PATHS = NO;
				CLANG_ANALYZER_NONNULL = YES;
				CLANG_ANALYZER_NUMBER_OBJECT_CONVERSION = YES_AGGRESSIVE;
				CLANG_CXX_LANGUAGE_STANDARD = "gnu++17";
				CLANG_CXX_LIBRARY = "libc++";
				CLANG_ENABLE_MODULES = YES;
				CLANG_ENABLE_OBJC_ARC = YES;
				CLANG_ENABLE_OBJC_WEAK = YES;
				CLANG_WARN_BLOCK_CAPTURE_AUTORELEASING = YES;
				CLANG_WARN_BOOL_CONVERSION = YES;
				CLANG_WARN_COMMA = YES;
				CLANG_WARN_CONSTANT_CONVERSION = YES;
				CLANG_WARN_DEPRECATED_OBJC_IMPLEMENTATIONS = YES;
				CLANG_WARN_DIRECT_OBJC_ISA_USAGE = YES_ERROR;
				CLANG_WARN_DOCUMENTATION_COMMENTS = YES;
				CLANG_WARN_EMPTY_BODY = YES;
				CLANG_WARN_ENUM_CONVERSION = YES;
				CLANG_WARN_INFINITE_RECURSION = YES;
				CLANG_WARN_INT_CONVERSION = YES;
				CLANG_WARN_NON_LITERAL_NULL_CONVERSION = YES;
				CLANG_WARN_OBJC_IMPLICIT_RETAIN_SELF = YES;
				CLANG_WARN_OBJC_LITERAL_CONVERSION = YES;
				CLANG_WARN_OBJC_ROOT_CLASS = YES_ERROR;
				CLANG_WARN_QUOTED_INCLUDE_IN_FRAMEWORK_HEADER = YES;
				CLANG_WARN_RANGE_LOOP_ANALYSIS = YES;
				CLANG_WARN_STRICT_PROTOTYPES = YES;
				CLANG_WARN_SUSPICIOUS_MOVE = YES;
				CLANG_WARN_UNGUARDED_AVAILABILITY = YES_AGGRESSIVE;
				CLANG_WARN_UNREACHABLE_CODE = YES;
				CLANG_WARN__DUPLICATE_METHOD_MATCH = YES;
				COPY_PHASE_STRIP = NO;
				DEBUG_INFORMATION_FORMAT = dwarf;
				ENABLE_STRICT_OBJC_MSGSEND = YES;
				ENABLE_TESTABILITY = YES;
				GCC_C_LANGUAGE_STANDARD = gnu11;
				GCC_DYNAMIC_NO_PIC = NO;
				GCC_NO_COMMON_BLOCKS = YES;
				GCC_OPTIMIZATION_LEVEL = 0;
				GCC_PREPROCESSOR_DEFINITIONS = (
					"DEBUG=1",
					"$(inherited)",
				);
				GCC_WARN_64_TO_32_BIT_CONVERSION = YES;
				GCC_WARN_ABOUT_RETURN_TYPE = YES_ERROR;
				GCC_WARN_UNDECLARED_SELECTOR = YES;
				GCC_WARN_UNINITIALIZED_AUTOS = YES_AGGRESSIVE;
				GCC_WARN_UNUSED_FUNCTION = YES;
				GCC_WARN_UNUSED_VARIABLE = YES;
				IPHONEOS_DEPLOYMENT_TARGET = 15.2;
				MTL_ENABLE_DEBUG_INFO = INCLUDE_SOURCE;
				MTL_FAST_MATH = YES;
				ONLY_ACTIVE_ARCH = YES;
				SDKROOT = iphoneos;
				SWIFT_ACTIVE_COMPILATION_CONDITIONS = DEBUG;
				SWIFT_OPTIMIZATION_LEVEL = "-Onone";
			};
			name = Debug;
		};
		2F13430F28658DA600A5CB9C /* Release */ = {
			isa = XCBuildConfiguration;
			buildSettings = {
				ALWAYS_SEARCH_USER_PATHS = NO;
				CLANG_ANALYZER_NONNULL = YES;
				CLANG_ANALYZER_NUMBER_OBJECT_CONVERSION = YES_AGGRESSIVE;
				CLANG_CXX_LANGUAGE_STANDARD = "gnu++17";
				CLANG_CXX_LIBRARY = "libc++";
				CLANG_ENABLE_MODULES = YES;
				CLANG_ENABLE_OBJC_ARC = YES;
				CLANG_ENABLE_OBJC_WEAK = YES;
				CLANG_WARN_BLOCK_CAPTURE_AUTORELEASING = YES;
				CLANG_WARN_BOOL_CONVERSION = YES;
				CLANG_WARN_COMMA = YES;
				CLANG_WARN_CONSTANT_CONVERSION = YES;
				CLANG_WARN_DEPRECATED_OBJC_IMPLEMENTATIONS = YES;
				CLANG_WARN_DIRECT_OBJC_ISA_USAGE = YES_ERROR;
				CLANG_WARN_DOCUMENTATION_COMMENTS = YES;
				CLANG_WARN_EMPTY_BODY = YES;
				CLANG_WARN_ENUM_CONVERSION = YES;
				CLANG_WARN_INFINITE_RECURSION = YES;
				CLANG_WARN_INT_CONVERSION = YES;
				CLANG_WARN_NON_LITERAL_NULL_CONVERSION = YES;
				CLANG_WARN_OBJC_IMPLICIT_RETAIN_SELF = YES;
				CLANG_WARN_OBJC_LITERAL_CONVERSION = YES;
				CLANG_WARN_OBJC_ROOT_CLASS = YES_ERROR;
				CLANG_WARN_QUOTED_INCLUDE_IN_FRAMEWORK_HEADER = YES;
				CLANG_WARN_RANGE_LOOP_ANALYSIS = YES;
				CLANG_WARN_STRICT_PROTOTYPES = YES;
				CLANG_WARN_SUSPICIOUS_MOVE = YES;
				CLANG_WARN_UNGUARDED_AVAILABILITY = YES_AGGRESSIVE;
				CLANG_WARN_UNREACHABLE_CODE = YES;
				CLANG_WARN__DUPLICATE_METHOD_MATCH = YES;
				COPY_PHASE_STRIP = NO;
				DEBUG_INFORMATION_FORMAT = "dwarf-with-dsym";
				ENABLE_NS_ASSERTIONS = NO;
				ENABLE_STRICT_OBJC_MSGSEND = YES;
				GCC_C_LANGUAGE_STANDARD = gnu11;
				GCC_NO_COMMON_BLOCKS = YES;
				GCC_WARN_64_TO_32_BIT_CONVERSION = YES;
				GCC_WARN_ABOUT_RETURN_TYPE = YES_ERROR;
				GCC_WARN_UNDECLARED_SELECTOR = YES;
				GCC_WARN_UNINITIALIZED_AUTOS = YES_AGGRESSIVE;
				GCC_WARN_UNUSED_FUNCTION = YES;
				GCC_WARN_UNUSED_VARIABLE = YES;
				IPHONEOS_DEPLOYMENT_TARGET = 15.2;
				MTL_ENABLE_DEBUG_INFO = NO;
				MTL_FAST_MATH = YES;
				SDKROOT = iphoneos;
				SWIFT_COMPILATION_MODE = wholemodule;
				SWIFT_OPTIMIZATION_LEVEL = "-O";
				VALIDATE_PRODUCT = YES;
			};
			name = Release;
		};
		2F13431128658DA600A5CB9C /* Debug */ = {
			isa = XCBuildConfiguration;
			buildSettings = {
				ASSETCATALOG_COMPILER_APPICON_NAME = AppIcon;
				ASSETCATALOG_COMPILER_GLOBAL_ACCENT_COLOR_NAME = AccentColor;
				CODE_SIGN_STYLE = Automatic;
				CURRENT_PROJECT_VERSION = 1;
				DEVELOPMENT_ASSET_PATHS = "\"macnivision/Preview Content\"";
				DEVELOPMENT_TEAM = 8VGVTDBM6U;
				ENABLE_PREVIEWS = YES;
				"EXCLUDED_ARCHS[sdk=*]" = arm64;
				GENERATE_INFOPLIST_FILE = YES;
				INFOPLIST_KEY_UIApplicationSceneManifest_Generation = YES;
				INFOPLIST_KEY_UIApplicationSupportsIndirectInputEvents = YES;
				INFOPLIST_KEY_UILaunchScreen_Generation = YES;
				INFOPLIST_KEY_UISupportedInterfaceOrientations_iPad = "UIInterfaceOrientationPortrait UIInterfaceOrientationPortraitUpsideDown UIInterfaceOrientationLandscapeLeft UIInterfaceOrientationLandscapeRight";
				INFOPLIST_KEY_UISupportedInterfaceOrientations_iPhone = "UIInterfaceOrientationPortrait UIInterfaceOrientationLandscapeLeft UIInterfaceOrientationLandscapeRight";
				LD_RUNPATH_SEARCH_PATHS = (
					"$(inherited)",
					"@executable_path/Frameworks",
				);
				MARKETING_VERSION = 1.0;
				PRODUCT_BUNDLE_IDENTIFIER = com.macnivision.macnivision;
				PRODUCT_NAME = "$(TARGET_NAME)";
				SWIFT_EMIT_LOC_STRINGS = YES;
				SWIFT_VERSION = 5.0;
				TARGETED_DEVICE_FAMILY = "1,2";
			};
			name = Debug;
		};
		2F13431228658DA600A5CB9C /* Release */ = {
			isa = XCBuildConfiguration;
			buildSettings = {
				ASSETCATALOG_COMPILER_APPICON_NAME = AppIcon;
				ASSETCATALOG_COMPILER_GLOBAL_ACCENT_COLOR_NAME = AccentColor;
				CODE_SIGN_STYLE = Automatic;
				CURRENT_PROJECT_VERSION = 1;
				DEVELOPMENT_ASSET_PATHS = "\"macnivision/Preview Content\"";
				DEVELOPMENT_TEAM = 8VGVTDBM6U;
				ENABLE_PREVIEWS = YES;
				GENERATE_INFOPLIST_FILE = YES;
				INFOPLIST_KEY_UIApplicationSceneManifest_Generation = YES;
				INFOPLIST_KEY_UIApplicationSupportsIndirectInputEvents = YES;
				INFOPLIST_KEY_UILaunchScreen_Generation = YES;
				INFOPLIST_KEY_UISupportedInterfaceOrientations_iPad = "UIInterfaceOrientationPortrait UIInterfaceOrientationPortraitUpsideDown UIInterfaceOrientationLandscapeLeft UIInterfaceOrientationLandscapeRight";
				INFOPLIST_KEY_UISupportedInterfaceOrientations_iPhone = "UIInterfaceOrientationPortrait UIInterfaceOrientationLandscapeLeft UIInterfaceOrientationLandscapeRight";
				LD_RUNPATH_SEARCH_PATHS = (
					"$(inherited)",
					"@executable_path/Frameworks",
				);
				MARKETING_VERSION = 1.0;
				PRODUCT_BUNDLE_IDENTIFIER = com.macnivision.macnivision;
				PRODUCT_NAME = "$(TARGET_NAME)";
				SWIFT_EMIT_LOC_STRINGS = YES;
				SWIFT_VERSION = 5.0;
				TARGETED_DEVICE_FAMILY = "1,2";
			};
			name = Release;
		};
		2F13431428658DA600A5CB9C /* Debug */ = {
			isa = XCBuildConfiguration;
			buildSettings = {
				ALWAYS_EMBED_SWIFT_STANDARD_LIBRARIES = YES;
				BUNDLE_LOADER = "$(TEST_HOST)";
				CODE_SIGN_STYLE = Automatic;
				CURRENT_PROJECT_VERSION = 1;
				DEVELOPMENT_TEAM = KZ9PN4535G;
				GENERATE_INFOPLIST_FILE = YES;
				IPHONEOS_DEPLOYMENT_TARGET = 15.2;
				MARKETING_VERSION = 1.0;
				PRODUCT_BUNDLE_IDENTIFIER = com.macnivision.macnivisionTests;
				PRODUCT_NAME = "$(TARGET_NAME)";
				SWIFT_EMIT_LOC_STRINGS = NO;
				SWIFT_VERSION = 5.0;
				TARGETED_DEVICE_FAMILY = "1,2";
				TEST_HOST = "$(BUILT_PRODUCTS_DIR)/macnivision.app/macnivision";
			};
			name = Debug;
		};
		2F13431528658DA600A5CB9C /* Release */ = {
			isa = XCBuildConfiguration;
			buildSettings = {
				ALWAYS_EMBED_SWIFT_STANDARD_LIBRARIES = YES;
				BUNDLE_LOADER = "$(TEST_HOST)";
				CODE_SIGN_STYLE = Automatic;
				CURRENT_PROJECT_VERSION = 1;
				DEVELOPMENT_TEAM = KZ9PN4535G;
				GENERATE_INFOPLIST_FILE = YES;
				IPHONEOS_DEPLOYMENT_TARGET = 15.2;
				MARKETING_VERSION = 1.0;
				PRODUCT_BUNDLE_IDENTIFIER = com.macnivision.macnivisionTests;
				PRODUCT_NAME = "$(TARGET_NAME)";
				SWIFT_EMIT_LOC_STRINGS = NO;
				SWIFT_VERSION = 5.0;
				TARGETED_DEVICE_FAMILY = "1,2";
				TEST_HOST = "$(BUILT_PRODUCTS_DIR)/macnivision.app/macnivision";
			};
			name = Release;
		};
		2F13431728658DA600A5CB9C /* Debug */ = {
			isa = XCBuildConfiguration;
			buildSettings = {
				ALWAYS_EMBED_SWIFT_STANDARD_LIBRARIES = YES;
				CODE_SIGN_STYLE = Automatic;
				CURRENT_PROJECT_VERSION = 1;
				DEVELOPMENT_TEAM = KZ9PN4535G;
				GENERATE_INFOPLIST_FILE = YES;
				MARKETING_VERSION = 1.0;
				PRODUCT_BUNDLE_IDENTIFIER = com.macnivision.macnivisionUITests;
				PRODUCT_NAME = "$(TARGET_NAME)";
				SWIFT_EMIT_LOC_STRINGS = NO;
				SWIFT_VERSION = 5.0;
				TARGETED_DEVICE_FAMILY = "1,2";
				TEST_TARGET_NAME = macnivision;
			};
			name = Debug;
		};
		2F13431828658DA600A5CB9C /* Release */ = {
			isa = XCBuildConfiguration;
			buildSettings = {
				ALWAYS_EMBED_SWIFT_STANDARD_LIBRARIES = YES;
				CODE_SIGN_STYLE = Automatic;
				CURRENT_PROJECT_VERSION = 1;
				DEVELOPMENT_TEAM = KZ9PN4535G;
				GENERATE_INFOPLIST_FILE = YES;
				MARKETING_VERSION = 1.0;
				PRODUCT_BUNDLE_IDENTIFIER = com.macnivision.macnivisionUITests;
				PRODUCT_NAME = "$(TARGET_NAME)";
				SWIFT_EMIT_LOC_STRINGS = NO;
				SWIFT_VERSION = 5.0;
				TARGETED_DEVICE_FAMILY = "1,2";
				TEST_TARGET_NAME = macnivision;
			};
			name = Release;
		};
/* End XCBuildConfiguration section */

/* Begin XCConfigurationList section */
		2F1342E228658DA500A5CB9C /* Build configuration list for PBXProject "macnivision" */ = {
			isa = XCConfigurationList;
			buildConfigurations = (
				2F13430E28658DA600A5CB9C /* Debug */,
				2F13430F28658DA600A5CB9C /* Release */,
			);
			defaultConfigurationIsVisible = 0;
			defaultConfigurationName = Release;
		};
		2F13431028658DA600A5CB9C /* Build configuration list for PBXNativeTarget "macnivision" */ = {
			isa = XCConfigurationList;
			buildConfigurations = (
				2F13431128658DA600A5CB9C /* Debug */,
				2F13431228658DA600A5CB9C /* Release */,
			);
			defaultConfigurationIsVisible = 0;
			defaultConfigurationName = Release;
		};
		2F13431328658DA600A5CB9C /* Build configuration list for PBXNativeTarget "macnivisionTests" */ = {
			isa = XCConfigurationList;
			buildConfigurations = (
				2F13431428658DA600A5CB9C /* Debug */,
				2F13431528658DA600A5CB9C /* Release */,
			);
			defaultConfigurationIsVisible = 0;
			defaultConfigurationName = Release;
		};
		2F13431628658DA600A5CB9C /* Build configuration list for PBXNativeTarget "macnivisionUITests" */ = {
			isa = XCConfigurationList;
			buildConfigurations = (
				2F13431728658DA600A5CB9C /* Debug */,
				2F13431828658DA600A5CB9C /* Release */,
			);
			defaultConfigurationIsVisible = 0;
			defaultConfigurationName = Release;
		};
/* End XCConfigurationList section */

/* Begin XCVersionGroup section */
		2F1342F528658DA600A5CB9C /* macnivision.xcdatamodeld */ = {
			isa = XCVersionGroup;
			children = (
				2F1342F628658DA600A5CB9C /* macnivision.xcdatamodel */,
			);
			currentVersion = 2F1342F628658DA600A5CB9C /* macnivision.xcdatamodel */;
			path = macnivision.xcdatamodeld;
			sourceTree = "<group>";
			versionGroupType = wrapper.xcdatamodel;
		};
/* End XCVersionGroup section */
	};
	rootObject = 2F1342DF28658DA500A5CB9C /* Project object */;
}
